// !$*UTF8*$!
{
	archiveVersion = 1;
	classes = {
	};
	objectVersion = 56;
	objects = {

/* Begin PBXBuildFile section */
		291FAFDE29BF7D9F00C1078A /* dalleImageModel.swift in Sources */ = {isa = PBXBuildFile; fileRef = 291FAFDD29BF7D9F00C1078A /* dalleImageModel.swift */; };
		291FAFE029BF81BC00C1078A /* imageStackView.swift in Sources */ = {isa = PBXBuildFile; fileRef = 291FAFDF29BF81BC00C1078A /* imageStackView.swift */; };
		2928737C29BAAFA100339355 /* dalleImage.swift in Sources */ = {isa = PBXBuildFile; fileRef = 2928737B29BAAFA100339355 /* dalleImage.swift */; };
		296CFEAB29B9614B00591255 /* Pocket_PaintingApp.swift in Sources */ = {isa = PBXBuildFile; fileRef = 296CFEAA29B9614B00591255 /* Pocket_PaintingApp.swift */; };
		296CFEAD29B9614B00591255 /* ContentView.swift in Sources */ = {isa = PBXBuildFile; fileRef = 296CFEAC29B9614B00591255 /* ContentView.swift */; };
		296CFEAF29B9614D00591255 /* Assets.xcassets in Resources */ = {isa = PBXBuildFile; fileRef = 296CFEAE29B9614D00591255 /* Assets.xcassets */; };
		296CFEB229B9614D00591255 /* Preview Assets.xcassets in Resources */ = {isa = PBXBuildFile; fileRef = 296CFEB129B9614D00591255 /* Preview Assets.xcassets */; };
		296CFEBC29B9614E00591255 /* Pocket_PaintingTests.swift in Sources */ = {isa = PBXBuildFile; fileRef = 296CFEBB29B9614E00591255 /* Pocket_PaintingTests.swift */; };
		296CFEC629B9614E00591255 /* Pocket_PaintingUITests.swift in Sources */ = {isa = PBXBuildFile; fileRef = 296CFEC529B9614E00591255 /* Pocket_PaintingUITests.swift */; };
		296CFEC829B9614E00591255 /* Pocket_PaintingUITestsLaunchTests.swift in Sources */ = {isa = PBXBuildFile; fileRef = 296CFEC729B9614E00591255 /* Pocket_PaintingUITestsLaunchTests.swift */; };
		296CFED729B9683E00591255 /* DallePropmter.swift in Sources */ = {isa = PBXBuildFile; fileRef = 296CFED629B9683E00591255 /* DallePropmter.swift */; };
		296CFED929B96B2300591255 /* dalleResponse.swift in Sources */ = {isa = PBXBuildFile; fileRef = 296CFED829B96B2300591255 /* dalleResponse.swift */; };
		29E962B729BFAD2200D68711 /* completionResponse.swift in Sources */ = {isa = PBXBuildFile; fileRef = 29E962B629BFAD2200D68711 /* completionResponse.swift */; };
		29E962B929C39EF900D68711 /* SwiftUIView.swift in Sources */ = {isa = PBXBuildFile; fileRef = 29E962B829C39EF900D68711 /* SwiftUIView.swift */; };
/* End PBXBuildFile section */

/* Begin PBXContainerItemProxy section */
		296CFEB829B9614E00591255 /* PBXContainerItemProxy */ = {
			isa = PBXContainerItemProxy;
			containerPortal = 296CFE9F29B9614B00591255 /* Project object */;
			proxyType = 1;
			remoteGlobalIDString = 296CFEA629B9614B00591255;
			remoteInfo = "Pocket Painting";
		};
		296CFEC229B9614E00591255 /* PBXContainerItemProxy */ = {
			isa = PBXContainerItemProxy;
			containerPortal = 296CFE9F29B9614B00591255 /* Project object */;
			proxyType = 1;
			remoteGlobalIDString = 296CFEA629B9614B00591255;
			remoteInfo = "Pocket Painting";
		};
/* End PBXContainerItemProxy section */

/* Begin PBXFileReference section */
		291FAFDD29BF7D9F00C1078A /* dalleImageModel.swift */ = {isa = PBXFileReference; lastKnownFileType = sourcecode.swift; path = dalleImageModel.swift; sourceTree = "<group>"; };
		291FAFDF29BF81BC00C1078A /* imageStackView.swift */ = {isa = PBXFileReference; lastKnownFileType = sourcecode.swift; path = imageStackView.swift; sourceTree = "<group>"; };
		2928737B29BAAFA100339355 /* dalleImage.swift */ = {isa = PBXFileReference; lastKnownFileType = sourcecode.swift; path = dalleImage.swift; sourceTree = "<group>"; };
		296CFEA729B9614B00591255 /* Pocket Painting.app */ = {isa = PBXFileReference; explicitFileType = wrapper.application; includeInIndex = 0; path = "Pocket Painting.app"; sourceTree = BUILT_PRODUCTS_DIR; };
		296CFEAA29B9614B00591255 /* Pocket_PaintingApp.swift */ = {isa = PBXFileReference; lastKnownFileType = sourcecode.swift; path = Pocket_PaintingApp.swift; sourceTree = "<group>"; };
		296CFEAC29B9614B00591255 /* ContentView.swift */ = {isa = PBXFileReference; lastKnownFileType = sourcecode.swift; path = ContentView.swift; sourceTree = "<group>"; };
		296CFEAE29B9614D00591255 /* Assets.xcassets */ = {isa = PBXFileReference; lastKnownFileType = folder.assetcatalog; path = Assets.xcassets; sourceTree = "<group>"; };
		296CFEB129B9614D00591255 /* Preview Assets.xcassets */ = {isa = PBXFileReference; lastKnownFileType = folder.assetcatalog; path = "Preview Assets.xcassets"; sourceTree = "<group>"; };
		296CFEB729B9614E00591255 /* Pocket PaintingTests.xctest */ = {isa = PBXFileReference; explicitFileType = wrapper.cfbundle; includeInIndex = 0; path = "Pocket PaintingTests.xctest"; sourceTree = BUILT_PRODUCTS_DIR; };
		296CFEBB29B9614E00591255 /* Pocket_PaintingTests.swift */ = {isa = PBXFileReference; lastKnownFileType = sourcecode.swift; path = Pocket_PaintingTests.swift; sourceTree = "<group>"; };
		296CFEC129B9614E00591255 /* Pocket PaintingUITests.xctest */ = {isa = PBXFileReference; explicitFileType = wrapper.cfbundle; includeInIndex = 0; path = "Pocket PaintingUITests.xctest"; sourceTree = BUILT_PRODUCTS_DIR; };
		296CFEC529B9614E00591255 /* Pocket_PaintingUITests.swift */ = {isa = PBXFileReference; lastKnownFileType = sourcecode.swift; path = Pocket_PaintingUITests.swift; sourceTree = "<group>"; };
		296CFEC729B9614E00591255 /* Pocket_PaintingUITestsLaunchTests.swift */ = {isa = PBXFileReference; lastKnownFileType = sourcecode.swift; path = Pocket_PaintingUITestsLaunchTests.swift; sourceTree = "<group>"; };
		296CFED629B9683E00591255 /* DallePropmter.swift */ = {isa = PBXFileReference; lastKnownFileType = sourcecode.swift; path = DallePropmter.swift; sourceTree = "<group>"; };
		296CFED829B96B2300591255 /* dalleResponse.swift */ = {isa = PBXFileReference; lastKnownFileType = sourcecode.swift; path = dalleResponse.swift; sourceTree = "<group>"; };
		29E962B629BFAD2200D68711 /* completionResponse.swift */ = {isa = PBXFileReference; lastKnownFileType = sourcecode.swift; path = completionResponse.swift; sourceTree = "<group>"; };
		29E962B829C39EF900D68711 /* SwiftUIView.swift */ = {isa = PBXFileReference; lastKnownFileType = sourcecode.swift; path = SwiftUIView.swift; sourceTree = "<group>"; };
/* End PBXFileReference section */

/* Begin PBXFrameworksBuildPhase section */
		296CFEA429B9614B00591255 /* Frameworks */ = {
			isa = PBXFrameworksBuildPhase;
			buildActionMask = 2147483647;
			files = (
			);
			runOnlyForDeploymentPostprocessing = 0;
		};
		296CFEB429B9614E00591255 /* Frameworks */ = {
			isa = PBXFrameworksBuildPhase;
			buildActionMask = 2147483647;
			files = (
			);
			runOnlyForDeploymentPostprocessing = 0;
		};
		296CFEBE29B9614E00591255 /* Frameworks */ = {
			isa = PBXFrameworksBuildPhase;
			buildActionMask = 2147483647;
			files = (
			);
			runOnlyForDeploymentPostprocessing = 0;
		};
/* End PBXFrameworksBuildPhase section */

/* Begin PBXGroup section */
		2928737829BA7B1400339355 /* Views */ = {
			isa = PBXGroup;
			children = (
				2928737B29BAAFA100339355 /* dalleImage.swift */,
				291FAFDF29BF81BC00C1078A /* imageStackView.swift */,
				29E962B829C39EF900D68711 /* SwiftUIView.swift */,
			);
			path = Views;
			sourceTree = "<group>";
		};
		296CFE9E29B9614B00591255 = {
			isa = PBXGroup;
			children = (
				296CFEA929B9614B00591255 /* Pocket Painting */,
				296CFEBA29B9614E00591255 /* Pocket PaintingTests */,
				296CFEC429B9614E00591255 /* Pocket PaintingUITests */,
				296CFEA829B9614B00591255 /* Products */,
			);
			sourceTree = "<group>";
		};
		296CFEA829B9614B00591255 /* Products */ = {
			isa = PBXGroup;
			children = (
				296CFEA729B9614B00591255 /* Pocket Painting.app */,
				296CFEB729B9614E00591255 /* Pocket PaintingTests.xctest */,
				296CFEC129B9614E00591255 /* Pocket PaintingUITests.xctest */,
			);
			name = Products;
			sourceTree = "<group>";
		};
		296CFEA929B9614B00591255 /* Pocket Painting */ = {
			isa = PBXGroup;
			children = (
				2928737829BA7B1400339355 /* Views */,
				296CFED429B9629800591255 /* Model */,
				296CFEAA29B9614B00591255 /* Pocket_PaintingApp.swift */,
				296CFEAC29B9614B00591255 /* ContentView.swift */,
				296CFEAE29B9614D00591255 /* Assets.xcassets */,
				296CFEB029B9614D00591255 /* Preview Content */,
			);
			path = "Pocket Painting";
			sourceTree = "<group>";
		};
		296CFEB029B9614D00591255 /* Preview Content */ = {
			isa = PBXGroup;
			children = (
				296CFEB129B9614D00591255 /* Preview Assets.xcassets */,
			);
			path = "Preview Content";
			sourceTree = "<group>";
		};
		296CFEBA29B9614E00591255 /* Pocket PaintingTests */ = {
			isa = PBXGroup;
			children = (
				296CFEBB29B9614E00591255 /* Pocket_PaintingTests.swift */,
			);
			path = "Pocket PaintingTests";
			sourceTree = "<group>";
		};
		296CFEC429B9614E00591255 /* Pocket PaintingUITests */ = {
			isa = PBXGroup;
			children = (
				296CFEC529B9614E00591255 /* Pocket_PaintingUITests.swift */,
				296CFEC729B9614E00591255 /* Pocket_PaintingUITestsLaunchTests.swift */,
			);
			path = "Pocket PaintingUITests";
			sourceTree = "<group>";
		};
		296CFED429B9629800591255 /* Model */ = {
			isa = PBXGroup;
			children = (
				296CFED529B962A000591255 /* Dalle-api */,
			);
			path = Model;
			sourceTree = "<group>";
		};
		296CFED529B962A000591255 /* Dalle-api */ = {
			isa = PBXGroup;
			children = (
				296CFED629B9683E00591255 /* DallePropmter.swift */,
				296CFED829B96B2300591255 /* dalleResponse.swift */,
				291FAFDD29BF7D9F00C1078A /* dalleImageModel.swift */,
				29E962B629BFAD2200D68711 /* completionResponse.swift */,
			);
			path = "Dalle-api";
			sourceTree = "<group>";
		};
/* End PBXGroup section */

/* Begin PBXNativeTarget section */
		296CFEA629B9614B00591255 /* Pocket Painting */ = {
			isa = PBXNativeTarget;
			buildConfigurationList = 296CFECB29B9614E00591255 /* Build configuration list for PBXNativeTarget "Pocket Painting" */;
			buildPhases = (
				296CFEA329B9614B00591255 /* Sources */,
				296CFEA429B9614B00591255 /* Frameworks */,
				296CFEA529B9614B00591255 /* Resources */,
			);
			buildRules = (
			);
			dependencies = (
			);
			name = "Pocket Painting";
			productName = "Pocket Painting";
			productReference = 296CFEA729B9614B00591255 /* Pocket Painting.app */;
			productType = "com.apple.product-type.application";
		};
		296CFEB629B9614E00591255 /* Pocket PaintingTests */ = {
			isa = PBXNativeTarget;
			buildConfigurationList = 296CFECE29B9614E00591255 /* Build configuration list for PBXNativeTarget "Pocket PaintingTests" */;
			buildPhases = (
				296CFEB329B9614E00591255 /* Sources */,
				296CFEB429B9614E00591255 /* Frameworks */,
				296CFEB529B9614E00591255 /* Resources */,
			);
			buildRules = (
			);
			dependencies = (
				296CFEB929B9614E00591255 /* PBXTargetDependency */,
			);
			name = "Pocket PaintingTests";
			productName = "Pocket PaintingTests";
			productReference = 296CFEB729B9614E00591255 /* Pocket PaintingTests.xctest */;
			productType = "com.apple.product-type.bundle.unit-test";
		};
		296CFEC029B9614E00591255 /* Pocket PaintingUITests */ = {
			isa = PBXNativeTarget;
			buildConfigurationList = 296CFED129B9614E00591255 /* Build configuration list for PBXNativeTarget "Pocket PaintingUITests" */;
			buildPhases = (
				296CFEBD29B9614E00591255 /* Sources */,
				296CFEBE29B9614E00591255 /* Frameworks */,
				296CFEBF29B9614E00591255 /* Resources */,
			);
			buildRules = (
			);
			dependencies = (
				296CFEC329B9614E00591255 /* PBXTargetDependency */,
			);
			name = "Pocket PaintingUITests";
			productName = "Pocket PaintingUITests";
			productReference = 296CFEC129B9614E00591255 /* Pocket PaintingUITests.xctest */;
			productType = "com.apple.product-type.bundle.ui-testing";
		};
/* End PBXNativeTarget section */

/* Begin PBXProject section */
		296CFE9F29B9614B00591255 /* Project object */ = {
			isa = PBXProject;
			attributes = {
				BuildIndependentTargetsInParallel = 1;
				LastSwiftUpdateCheck = 1420;
				LastUpgradeCheck = 1420;
				TargetAttributes = {
					296CFEA629B9614B00591255 = {
						CreatedOnToolsVersion = 14.2;
					};
					296CFEB629B9614E00591255 = {
						CreatedOnToolsVersion = 14.2;
						TestTargetID = 296CFEA629B9614B00591255;
					};
					296CFEC029B9614E00591255 = {
						CreatedOnToolsVersion = 14.2;
						TestTargetID = 296CFEA629B9614B00591255;
					};
				};
			};
			buildConfigurationList = 296CFEA229B9614B00591255 /* Build configuration list for PBXProject "Pocket Painting" */;
			compatibilityVersion = "Xcode 14.0";
			developmentRegion = en;
			hasScannedForEncodings = 0;
			knownRegions = (
				en,
				Base,
			);
			mainGroup = 296CFE9E29B9614B00591255;
			productRefGroup = 296CFEA829B9614B00591255 /* Products */;
			projectDirPath = "";
			projectRoot = "";
			targets = (
				296CFEA629B9614B00591255 /* Pocket Painting */,
				296CFEB629B9614E00591255 /* Pocket PaintingTests */,
				296CFEC029B9614E00591255 /* Pocket PaintingUITests */,
			);
		};
/* End PBXProject section */

/* Begin PBXResourcesBuildPhase section */
		296CFEA529B9614B00591255 /* Resources */ = {
			isa = PBXResourcesBuildPhase;
			buildActionMask = 2147483647;
			files = (
				296CFEB229B9614D00591255 /* Preview Assets.xcassets in Resources */,
				296CFEAF29B9614D00591255 /* Assets.xcassets in Resources */,
			);
			runOnlyForDeploymentPostprocessing = 0;
		};
		296CFEB529B9614E00591255 /* Resources */ = {
			isa = PBXResourcesBuildPhase;
			buildActionMask = 2147483647;
			files = (
			);
			runOnlyForDeploymentPostprocessing = 0;
		};
		296CFEBF29B9614E00591255 /* Resources */ = {
			isa = PBXResourcesBuildPhase;
			buildActionMask = 2147483647;
			files = (
			);
			runOnlyForDeploymentPostprocessing = 0;
		};
/* End PBXResourcesBuildPhase section */

/* Begin PBXSourcesBuildPhase section */
		296CFEA329B9614B00591255 /* Sources */ = {
			isa = PBXSourcesBuildPhase;
			buildActionMask = 2147483647;
			files = (
				291FAFDE29BF7D9F00C1078A /* dalleImageModel.swift in Sources */,
				291FAFE029BF81BC00C1078A /* imageStackView.swift in Sources */,
				29E962B929C39EF900D68711 /* SwiftUIView.swift in Sources */,
				296CFEAD29B9614B00591255 /* ContentView.swift in Sources */,
				296CFED729B9683E00591255 /* DallePropmter.swift in Sources */,
				29E962B729BFAD2200D68711 /* completionResponse.swift in Sources */,
				296CFEAB29B9614B00591255 /* Pocket_PaintingApp.swift in Sources */,
				2928737C29BAAFA100339355 /* dalleImage.swift in Sources */,
				296CFED929B96B2300591255 /* dalleResponse.swift in Sources */,
			);
			runOnlyForDeploymentPostprocessing = 0;
		};
		296CFEB329B9614E00591255 /* Sources */ = {
			isa = PBXSourcesBuildPhase;
			buildActionMask = 2147483647;
			files = (
				296CFEBC29B9614E00591255 /* Pocket_PaintingTests.swift in Sources */,
			);
			runOnlyForDeploymentPostprocessing = 0;
		};
		296CFEBD29B9614E00591255 /* Sources */ = {
			isa = PBXSourcesBuildPhase;
			buildActionMask = 2147483647;
			files = (
				296CFEC829B9614E00591255 /* Pocket_PaintingUITestsLaunchTests.swift in Sources */,
				296CFEC629B9614E00591255 /* Pocket_PaintingUITests.swift in Sources */,
			);
			runOnlyForDeploymentPostprocessing = 0;
		};
/* End PBXSourcesBuildPhase section */

/* Begin PBXTargetDependency section */
		296CFEB929B9614E00591255 /* PBXTargetDependency */ = {
			isa = PBXTargetDependency;
			target = 296CFEA629B9614B00591255 /* Pocket Painting */;
			targetProxy = 296CFEB829B9614E00591255 /* PBXContainerItemProxy */;
		};
		296CFEC329B9614E00591255 /* PBXTargetDependency */ = {
			isa = PBXTargetDependency;
			target = 296CFEA629B9614B00591255 /* Pocket Painting */;
			targetProxy = 296CFEC229B9614E00591255 /* PBXContainerItemProxy */;
		};
/* End PBXTargetDependency section */

/* Begin XCBuildConfiguration section */
		296CFEC929B9614E00591255 /* Debug */ = {
			isa = XCBuildConfiguration;
			buildSettings = {
				ALWAYS_SEARCH_USER_PATHS = NO;
				CLANG_ANALYZER_NONNULL = YES;
				CLANG_ANALYZER_NUMBER_OBJECT_CONVERSION = YES_AGGRESSIVE;
				CLANG_CXX_LANGUAGE_STANDARD = "gnu++20";
				CLANG_ENABLE_MODULES = YES;
				CLANG_ENABLE_OBJC_ARC = YES;
				CLANG_ENABLE_OBJC_WEAK = YES;
				CLANG_WARN_BLOCK_CAPTURE_AUTORELEASING = YES;
				CLANG_WARN_BOOL_CONVERSION = YES;
				CLANG_WARN_COMMA = YES;
				CLANG_WARN_CONSTANT_CONVERSION = YES;
				CLANG_WARN_DEPRECATED_OBJC_IMPLEMENTATIONS = YES;
				CLANG_WARN_DIRECT_OBJC_ISA_USAGE = YES_ERROR;
				CLANG_WARN_DOCUMENTATION_COMMENTS = YES;
				CLANG_WARN_EMPTY_BODY = YES;
				CLANG_WARN_ENUM_CONVERSION = YES;
				CLANG_WARN_INFINITE_RECURSION = YES;
				CLANG_WARN_INT_CONVERSION = YES;
				CLANG_WARN_NON_LITERAL_NULL_CONVERSION = YES;
				CLANG_WARN_OBJC_IMPLICIT_RETAIN_SELF = YES;
				CLANG_WARN_OBJC_LITERAL_CONVERSION = YES;
				CLANG_WARN_OBJC_ROOT_CLASS = YES_ERROR;
				CLANG_WARN_QUOTED_INCLUDE_IN_FRAMEWORK_HEADER = YES;
				CLANG_WARN_RANGE_LOOP_ANALYSIS = YES;
				CLANG_WARN_STRICT_PROTOTYPES = YES;
				CLANG_WARN_SUSPICIOUS_MOVE = YES;
				CLANG_WARN_UNGUARDED_AVAILABILITY = YES_AGGRESSIVE;
				CLANG_WARN_UNREACHABLE_CODE = YES;
				CLANG_WARN__DUPLICATE_METHOD_MATCH = YES;
				COPY_PHASE_STRIP = NO;
				DEBUG_INFORMATION_FORMAT = dwarf;
				ENABLE_STRICT_OBJC_MSGSEND = YES;
				ENABLE_TESTABILITY = YES;
				GCC_C_LANGUAGE_STANDARD = gnu11;
				GCC_DYNAMIC_NO_PIC = NO;
				GCC_NO_COMMON_BLOCKS = YES;
				GCC_OPTIMIZATION_LEVEL = 0;
				GCC_PREPROCESSOR_DEFINITIONS = (
					"DEBUG=1",
					"$(inherited)",
				);
				GCC_WARN_64_TO_32_BIT_CONVERSION = YES;
				GCC_WARN_ABOUT_RETURN_TYPE = YES_ERROR;
				GCC_WARN_UNDECLARED_SELECTOR = YES;
				GCC_WARN_UNINITIALIZED_AUTOS = YES_AGGRESSIVE;
				GCC_WARN_UNUSED_FUNCTION = YES;
				GCC_WARN_UNUSED_VARIABLE = YES;
				IPHONEOS_DEPLOYMENT_TARGET = 16.2;
				MTL_ENABLE_DEBUG_INFO = INCLUDE_SOURCE;
				MTL_FAST_MATH = YES;
				ONLY_ACTIVE_ARCH = YES;
				SDKROOT = iphoneos;
				SWIFT_ACTIVE_COMPILATION_CONDITIONS = DEBUG;
				SWIFT_OPTIMIZATION_LEVEL = "-Onone";
			};
			name = Debug;
		};
		296CFECA29B9614E00591255 /* Release */ = {
			isa = XCBuildConfiguration;
			buildSettings = {
				ALWAYS_SEARCH_USER_PATHS = NO;
				CLANG_ANALYZER_NONNULL = YES;
				CLANG_ANALYZER_NUMBER_OBJECT_CONVERSION = YES_AGGRESSIVE;
				CLANG_CXX_LANGUAGE_STANDARD = "gnu++20";
				CLANG_ENABLE_MODULES = YES;
				CLANG_ENABLE_OBJC_ARC = YES;
				CLANG_ENABLE_OBJC_WEAK = YES;
				CLANG_WARN_BLOCK_CAPTURE_AUTORELEASING = YES;
				CLANG_WARN_BOOL_CONVERSION = YES;
				CLANG_WARN_COMMA = YES;
				CLANG_WARN_CONSTANT_CONVERSION = YES;
				CLANG_WARN_DEPRECATED_OBJC_IMPLEMENTATIONS = YES;
				CLANG_WARN_DIRECT_OBJC_ISA_USAGE = YES_ERROR;
				CLANG_WARN_DOCUMENTATION_COMMENTS = YES;
				CLANG_WARN_EMPTY_BODY = YES;
				CLANG_WARN_ENUM_CONVERSION = YES;
				CLANG_WARN_INFINITE_RECURSION = YES;
				CLANG_WARN_INT_CONVERSION = YES;
				CLANG_WARN_NON_LITERAL_NULL_CONVERSION = YES;
				CLANG_WARN_OBJC_IMPLICIT_RETAIN_SELF = YES;
				CLANG_WARN_OBJC_LITERAL_CONVERSION = YES;
				CLANG_WARN_OBJC_ROOT_CLASS = YES_ERROR;
				CLANG_WARN_QUOTED_INCLUDE_IN_FRAMEWORK_HEADER = YES;
				CLANG_WARN_RANGE_LOOP_ANALYSIS = YES;
				CLANG_WARN_STRICT_PROTOTYPES = YES;
				CLANG_WARN_SUSPICIOUS_MOVE = YES;
				CLANG_WARN_UNGUARDED_AVAILABILITY = YES_AGGRESSIVE;
				CLANG_WARN_UNREACHABLE_CODE = YES;
				CLANG_WARN__DUPLICATE_METHOD_MATCH = YES;
				COPY_PHASE_STRIP = NO;
				DEBUG_INFORMATION_FORMAT = "dwarf-with-dsym";
				ENABLE_NS_ASSERTIONS = NO;
				ENABLE_STRICT_OBJC_MSGSEND = YES;
				GCC_C_LANGUAGE_STANDARD = gnu11;
				GCC_NO_COMMON_BLOCKS = YES;
				GCC_WARN_64_TO_32_BIT_CONVERSION = YES;
				GCC_WARN_ABOUT_RETURN_TYPE = YES_ERROR;
				GCC_WARN_UNDECLARED_SELECTOR = YES;
				GCC_WARN_UNINITIALIZED_AUTOS = YES_AGGRESSIVE;
				GCC_WARN_UNUSED_FUNCTION = YES;
				GCC_WARN_UNUSED_VARIABLE = YES;
				IPHONEOS_DEPLOYMENT_TARGET = 16.2;
				MTL_ENABLE_DEBUG_INFO = NO;
				MTL_FAST_MATH = YES;
				SDKROOT = iphoneos;
				SWIFT_COMPILATION_MODE = wholemodule;
				SWIFT_OPTIMIZATION_LEVEL = "-O";
				VALIDATE_PRODUCT = YES;
			};
			name = Release;
		};
		296CFECC29B9614E00591255 /* Debug */ = {
			isa = XCBuildConfiguration;
			buildSettings = {
				ASSETCATALOG_COMPILER_APPICON_NAME = AppIcon;
				ASSETCATALOG_COMPILER_GLOBAL_ACCENT_COLOR_NAME = AccentColor;
				CODE_SIGN_STYLE = Automatic;
				CURRENT_PROJECT_VERSION = 1;
				DEVELOPMENT_ASSET_PATHS = "\"Pocket Painting/Preview Content\"";
				DEVELOPMENT_TEAM = U85B2H6L6S;
				ENABLE_PREVIEWS = YES;
				GENERATE_INFOPLIST_FILE = YES;
				INFOPLIST_KEY_UIApplicationSceneManifest_Generation = YES;
				INFOPLIST_KEY_UIApplicationSupportsIndirectInputEvents = YES;
				INFOPLIST_KEY_UILaunchScreen_Generation = YES;
				INFOPLIST_KEY_UISupportedInterfaceOrientations_iPad = "UIInterfaceOrientationPortrait UIInterfaceOrientationPortraitUpsideDown UIInterfaceOrientationLandscapeLeft UIInterfaceOrientationLandscapeRight";
				INFOPLIST_KEY_UISupportedInterfaceOrientations_iPhone = "UIInterfaceOrientationPortrait UIInterfaceOrientationLandscapeLeft UIInterfaceOrientationLandscapeRight";
				LD_RUNPATH_SEARCH_PATHS = (
					"$(inherited)",
					"@executable_path/Frameworks",
				);
				MARKETING_VERSION = 1.0;
				PRODUCT_BUNDLE_IDENTIFIER = "edu.LMU.Pocket-Painting";
				PRODUCT_NAME = "$(TARGET_NAME)";
				SWIFT_EMIT_LOC_STRINGS = YES;
				SWIFT_VERSION = 5.0;
				TARGETED_DEVICE_FAMILY = "1,2";
			};
			name = Debug;
		};
		296CFECD29B9614E00591255 /* Release */ = {
			isa = XCBuildConfiguration;
			buildSettings = {
				ASSETCATALOG_COMPILER_APPICON_NAME = AppIcon;
				ASSETCATALOG_COMPILER_GLOBAL_ACCENT_COLOR_NAME = AccentColor;
				CODE_SIGN_STYLE = Automatic;
				CURRENT_PROJECT_VERSION = 1;
				DEVELOPMENT_ASSET_PATHS = "\"Pocket Painting/Preview Content\"";
				DEVELOPMENT_TEAM = U85B2H6L6S;
				ENABLE_PREVIEWS = YES;
				GENERATE_INFOPLIST_FILE = YES;
				INFOPLIST_KEY_UIApplicationSceneManifest_Generation = YES;
				INFOPLIST_KEY_UIApplicationSupportsIndirectInputEvents = YES;
				INFOPLIST_KEY_UILaunchScreen_Generation = YES;
				INFOPLIST_KEY_UISupportedInterfaceOrientations_iPad = "UIInterfaceOrientationPortrait UIInterfaceOrientationPortraitUpsideDown UIInterfaceOrientationLandscapeLeft UIInterfaceOrientationLandscapeRight";
				INFOPLIST_KEY_UISupportedInterfaceOrientations_iPhone = "UIInterfaceOrientationPortrait UIInterfaceOrientationLandscapeLeft UIInterfaceOrientationLandscapeRight";
				LD_RUNPATH_SEARCH_PATHS = (
					"$(inherited)",
					"@executable_path/Frameworks",
				);
				MARKETING_VERSION = 1.0;
				PRODUCT_BUNDLE_IDENTIFIER = "edu.LMU.Pocket-Painting";
				PRODUCT_NAME = "$(TARGET_NAME)";
				SWIFT_EMIT_LOC_STRINGS = YES;
				SWIFT_VERSION = 5.0;
				TARGETED_DEVICE_FAMILY = "1,2";
			};
			name = Release;
		};
		296CFECF29B9614E00591255 /* Debug */ = {
			isa = XCBuildConfiguration;
			buildSettings = {
				ALWAYS_EMBED_SWIFT_STANDARD_LIBRARIES = YES;
				BUNDLE_LOADER = "$(TEST_HOST)";
				CODE_SIGN_STYLE = Automatic;
				CURRENT_PROJECT_VERSION = 1;
				DEVELOPMENT_TEAM = U85B2H6L6S;
				GENERATE_INFOPLIST_FILE = YES;
				IPHONEOS_DEPLOYMENT_TARGET = 16.2;
				MARKETING_VERSION = 1.0;
				PRODUCT_BUNDLE_IDENTIFIER = "edu.LMU.Pocket-PaintingTests";
				PRODUCT_NAME = "$(TARGET_NAME)";
				SWIFT_EMIT_LOC_STRINGS = NO;
				SWIFT_VERSION = 5.0;
				TARGETED_DEVICE_FAMILY = "1,2";
				TEST_HOST = "$(BUILT_PRODUCTS_DIR)/Pocket Painting.app/$(BUNDLE_EXECUTABLE_FOLDER_PATH)/Pocket Painting";
			};
			name = Debug;
		};
		296CFED029B9614E00591255 /* Release */ = {
			isa = XCBuildConfiguration;
			buildSettings = {
				ALWAYS_EMBED_SWIFT_STANDARD_LIBRARIES = YES;
				BUNDLE_LOADER = "$(TEST_HOST)";
				CODE_SIGN_STYLE = Automatic;
				CURRENT_PROJECT_VERSION = 1;
				DEVELOPMENT_TEAM = U85B2H6L6S;
				GENERATE_INFOPLIST_FILE = YES;
				IPHONEOS_DEPLOYMENT_TARGET = 16.2;
				MARKETING_VERSION = 1.0;
				PRODUCT_BUNDLE_IDENTIFIER = "edu.LMU.Pocket-PaintingTests";
				PRODUCT_NAME = "$(TARGET_NAME)";
				SWIFT_EMIT_LOC_STRINGS = NO;
				SWIFT_VERSION = 5.0;
				TARGETED_DEVICE_FAMILY = "1,2";
				TEST_HOST = "$(BUILT_PRODUCTS_DIR)/Pocket Painting.app/$(BUNDLE_EXECUTABLE_FOLDER_PATH)/Pocket Painting";
			};
			name = Release;
		};
		296CFED229B9614E00591255 /* Debug */ = {
			isa = XCBuildConfiguration;
			buildSettings = {
				ALWAYS_EMBED_SWIFT_STANDARD_LIBRARIES = YES;
				CODE_SIGN_STYLE = Automatic;
				CURRENT_PROJECT_VERSION = 1;
				DEVELOPMENT_TEAM = U85B2H6L6S;
				GENERATE_INFOPLIST_FILE = YES;
				MARKETING_VERSION = 1.0;
				PRODUCT_BUNDLE_IDENTIFIER = "edu.LMU.Pocket-PaintingUITests";
				PRODUCT_NAME = "$(TARGET_NAME)";
				SWIFT_EMIT_LOC_STRINGS = NO;
				SWIFT_VERSION = 5.0;
				TARGETED_DEVICE_FAMILY = "1,2";
				TEST_TARGET_NAME = "Pocket Painting";
			};
			name = Debug;
		};
		296CFED329B9614E00591255 /* Release */ = {
			isa = XCBuildConfiguration;
			buildSettings = {
				ALWAYS_EMBED_SWIFT_STANDARD_LIBRARIES = YES;
				CODE_SIGN_STYLE = Automatic;
				CURRENT_PROJECT_VERSION = 1;
				DEVELOPMENT_TEAM = U85B2H6L6S;
				GENERATE_INFOPLIST_FILE = YES;
				MARKETING_VERSION = 1.0;
				PRODUCT_BUNDLE_IDENTIFIER = "edu.LMU.Pocket-PaintingUITests";
				PRODUCT_NAME = "$(TARGET_NAME)";
				SWIFT_EMIT_LOC_STRINGS = NO;
				SWIFT_VERSION = 5.0;
				TARGETED_DEVICE_FAMILY = "1,2";
				TEST_TARGET_NAME = "Pocket Painting";
			};
			name = Release;
		};
/* End XCBuildConfiguration section */

/* Begin XCConfigurationList section */
		296CFEA229B9614B00591255 /* Build configuration list for PBXProject "Pocket Painting" */ = {
			isa = XCConfigurationList;
			buildConfigurations = (
				296CFEC929B9614E00591255 /* Debug */,
				296CFECA29B9614E00591255 /* Release */,
			);
			defaultConfigurationIsVisible = 0;
			defaultConfigurationName = Release;
		};
		296CFECB29B9614E00591255 /* Build configuration list for PBXNativeTarget "Pocket Painting" */ = {
			isa = XCConfigurationList;
			buildConfigurations = (
				296CFECC29B9614E00591255 /* Debug */,
				296CFECD29B9614E00591255 /* Release */,
			);
			defaultConfigurationIsVisible = 0;
			defaultConfigurationName = Release;
		};
		296CFECE29B9614E00591255 /* Build configuration list for PBXNativeTarget "Pocket PaintingTests" */ = {
			isa = XCConfigurationList;
			buildConfigurations = (
				296CFECF29B9614E00591255 /* Debug */,
				296CFED029B9614E00591255 /* Release */,
			);
			defaultConfigurationIsVisible = 0;
			defaultConfigurationName = Release;
		};
		296CFED129B9614E00591255 /* Build configuration list for PBXNativeTarget "Pocket PaintingUITests" */ = {
			isa = XCConfigurationList;
			buildConfigurations = (
				296CFED229B9614E00591255 /* Debug */,
				296CFED329B9614E00591255 /* Release */,
			);
			defaultConfigurationIsVisible = 0;
			defaultConfigurationName = Release;
		};
/* End XCConfigurationList section */
	};
	rootObject = 296CFE9F29B9614B00591255 /* Project object */;
}
